// !$*UTF8*$!
{
	archiveVersion = 1;
	classes = {
	};
	objectVersion = 46;
	objects = {

/* Begin PBXBuildFile section */
		1E0AF49A17F4C39100A06AD2 /* grassBackground.png in Resources */ = {isa = PBXBuildFile; fileRef = 1E0AF49817F4C39100A06AD2 /* grassBackground.png */; };
		1E0AF49B17F4C39100A06AD2 /* woodBackground.png in Resources */ = {isa = PBXBuildFile; fileRef = 1E0AF49917F4C39100A06AD2 /* woodBackground.png */; };
		1E0AF49D17F4D8F200A06AD2 /* grassButton.png in Resources */ = {isa = PBXBuildFile; fileRef = 1E0AF49C17F4D8F200A06AD2 /* grassButton.png */; };
		1E0AF49F17F4DA1600A06AD2 /* woodButton.png in Resources */ = {isa = PBXBuildFile; fileRef = 1E0AF49E17F4DA1600A06AD2 /* woodButton.png */; };
		1E1235CA17EA6DBC00B26DFE /* JGSModel.m in Sources */ = {isa = PBXBuildFile; fileRef = 1E1235C917EA6DBC00B26DFE /* JGSModel.m */; };
		1E54EDCA17DCB8E100451519 /* UIKit.framework in Frameworks */ = {isa = PBXBuildFile; fileRef = 1E54EDC917DCB8E100451519 /* UIKit.framework */; };
		1E54EDCC17DCB8E100451519 /* Foundation.framework in Frameworks */ = {isa = PBXBuildFile; fileRef = 1E54EDCB17DCB8E100451519 /* Foundation.framework */; };
		1E54EDCE17DCB8E100451519 /* CoreGraphics.framework in Frameworks */ = {isa = PBXBuildFile; fileRef = 1E54EDCD17DCB8E100451519 /* CoreGraphics.framework */; };
		1E54EDD417DCB8E100451519 /* InfoPlist.strings in Resources */ = {isa = PBXBuildFile; fileRef = 1E54EDD217DCB8E100451519 /* InfoPlist.strings */; };
		1E54EDD617DCB8E100451519 /* main.m in Sources */ = {isa = PBXBuildFile; fileRef = 1E54EDD517DCB8E100451519 /* main.m */; };
		1E54EDDA17DCB8E100451519 /* JGSAppDelegate.m in Sources */ = {isa = PBXBuildFile; fileRef = 1E54EDD917DCB8E100451519 /* JGSAppDelegate.m */; };
		1E54EDDC17DCB8E100451519 /* Default.png in Resources */ = {isa = PBXBuildFile; fileRef = 1E54EDDB17DCB8E100451519 /* Default.png */; };
		1E54EDDE17DCB8E100451519 /* Default@2x.png in Resources */ = {isa = PBXBuildFile; fileRef = 1E54EDDD17DCB8E100451519 /* Default@2x.png */; };
		1E54EDE017DCB8E100451519 /* Default-568h@2x.png in Resources */ = {isa = PBXBuildFile; fileRef = 1E54EDDF17DCB8E100451519 /* Default-568h@2x.png */; };
		1E54EDE317DCB8E100451519 /* MainStoryboard.storyboard in Resources */ = {isa = PBXBuildFile; fileRef = 1E54EDE117DCB8E100451519 /* MainStoryboard.storyboard */; };
		1E54EDE617DCB8E100451519 /* JGSViewController.m in Sources */ = {isa = PBXBuildFile; fileRef = 1E54EDE517DCB8E100451519 /* JGSViewController.m */; };
		1E54EE0617DCBA4D00451519 /* Board0.png in Resources */ = {isa = PBXBuildFile; fileRef = 1E54EDED17DCBA4D00451519 /* Board0.png */; };
		1E54EE0717DCBA4D00451519 /* Board0button.png in Resources */ = {isa = PBXBuildFile; fileRef = 1E54EDEE17DCBA4D00451519 /* Board0button.png */; };
		1E54EE0817DCBA4D00451519 /* Board1.png in Resources */ = {isa = PBXBuildFile; fileRef = 1E54EDEF17DCBA4D00451519 /* Board1.png */; };
		1E54EE0917DCBA4D00451519 /* Board1button.png in Resources */ = {isa = PBXBuildFile; fileRef = 1E54EDF017DCBA4D00451519 /* Board1button.png */; };
		1E54EE0A17DCBA4D00451519 /* Board2.png in Resources */ = {isa = PBXBuildFile; fileRef = 1E54EDF117DCBA4D00451519 /* Board2.png */; };
		1E54EE0B17DCBA4D00451519 /* Board2button.png in Resources */ = {isa = PBXBuildFile; fileRef = 1E54EDF217DCBA4D00451519 /* Board2button.png */; };
		1E54EE0C17DCBA4D00451519 /* Board3.png in Resources */ = {isa = PBXBuildFile; fileRef = 1E54EDF317DCBA4D00451519 /* Board3.png */; };
		1E54EE0D17DCBA4D00451519 /* Board3button.png in Resources */ = {isa = PBXBuildFile; fileRef = 1E54EDF417DCBA4D00451519 /* Board3button.png */; };
		1E54EE0E17DCBA4D00451519 /* Board4.png in Resources */ = {isa = PBXBuildFile; fileRef = 1E54EDF517DCBA4D00451519 /* Board4.png */; };
		1E54EE0F17DCBA4D00451519 /* Board4button.png in Resources */ = {isa = PBXBuildFile; fileRef = 1E54EDF617DCBA4D00451519 /* Board4button.png */; };
		1E54EE1017DCBA4D00451519 /* Board5.png in Resources */ = {isa = PBXBuildFile; fileRef = 1E54EDF717DCBA4D00451519 /* Board5.png */; };
		1E54EE1117DCBA4D00451519 /* Board5button.png in Resources */ = {isa = PBXBuildFile; fileRef = 1E54EDF817DCBA4D00451519 /* Board5button.png */; };
		1E54EE1217DCBA4D00451519 /* Solutions.plist in Resources */ = {isa = PBXBuildFile; fileRef = 1E54EDF917DCBA4D00451519 /* Solutions.plist */; };
		1E54EE1317DCBA4D00451519 /* tileF.png in Resources */ = {isa = PBXBuildFile; fileRef = 1E54EDFA17DCBA4D00451519 /* tileF.png */; };
		1E54EE1417DCBA4D00451519 /* tileI.png in Resources */ = {isa = PBXBuildFile; fileRef = 1E54EDFB17DCBA4D00451519 /* tileI.png */; };
		1E54EE1517DCBA4D00451519 /* tileL.png in Resources */ = {isa = PBXBuildFile; fileRef = 1E54EDFC17DCBA4D00451519 /* tileL.png */; };
		1E54EE1617DCBA4D00451519 /* tileN.png in Resources */ = {isa = PBXBuildFile; fileRef = 1E54EDFD17DCBA4D00451519 /* tileN.png */; };
		1E54EE1717DCBA4D00451519 /* tileP.png in Resources */ = {isa = PBXBuildFile; fileRef = 1E54EDFE17DCBA4D00451519 /* tileP.png */; };
		1E54EE1817DCBA4D00451519 /* tileT.png in Resources */ = {isa = PBXBuildFile; fileRef = 1E54EDFF17DCBA4D00451519 /* tileT.png */; };
		1E54EE1917DCBA4D00451519 /* tileU.png in Resources */ = {isa = PBXBuildFile; fileRef = 1E54EE0017DCBA4D00451519 /* tileU.png */; };
		1E54EE1A17DCBA4D00451519 /* tileV.png in Resources */ = {isa = PBXBuildFile; fileRef = 1E54EE0117DCBA4D00451519 /* tileV.png */; };
		1E54EE1B17DCBA4D00451519 /* tileW.png in Resources */ = {isa = PBXBuildFile; fileRef = 1E54EE0217DCBA4D00451519 /* tileW.png */; };
		1E54EE1C17DCBA4D00451519 /* tileX.png in Resources */ = {isa = PBXBuildFile; fileRef = 1E54EE0317DCBA4D00451519 /* tileX.png */; };
		1E54EE1D17DCBA4D00451519 /* tileY.png in Resources */ = {isa = PBXBuildFile; fileRef = 1E54EE0417DCBA4D00451519 /* tileY.png */; };
		1E54EE1E17DCBA4D00451519 /* tileZ.png in Resources */ = {isa = PBXBuildFile; fileRef = 1E54EE0517DCBA4D00451519 /* tileZ.png */; };
		1E54EE2517E2A78A00451519 /* resetButton.png in Resources */ = {isa = PBXBuildFile; fileRef = 1E54EE2317E2A78800451519 /* resetButton.png */; };
		1E54EE2617E2A78A00451519 /* solveButton.png in Resources */ = {isa = PBXBuildFile; fileRef = 1E54EE2417E2A78900451519 /* solveButton.png */; };
		1E54EE2917E2A90F00451519 /* icon.png in Resources */ = {isa = PBXBuildFile; fileRef = 1E54EE2717E2A90E00451519 /* icon.png */; };
		1E54EE2A17E2A90F00451519 /* icon@2x.png in Resources */ = {isa = PBXBuildFile; fileRef = 1E54EE2817E2A90F00451519 /* icon@2x.png */; };
		1E54EE3117E2AC3400451519 /* launch.png in Resources */ = {isa = PBXBuildFile; fileRef = 1E54EE2F17E2AC3300451519 /* launch.png */; };
		1E54EE3217E2AC3400451519 /* launch@2x.png in Resources */ = {isa = PBXBuildFile; fileRef = 1E54EE3017E2AC3300451519 /* launch@2x.png */; };
		1E54EE3417E2AC3900451519 /* Default-Portrait@2x~ipad.png in Resources */ = {isa = PBXBuildFile; fileRef = 1E54EE3317E2AC3900451519 /* Default-Portrait@2x~ipad.png */; };
		1E54EE3617E2AC3F00451519 /* Default-Portrait~ipad.png in Resources */ = {isa = PBXBuildFile; fileRef = 1E54EE3517E2AC3F00451519 /* Default-Portrait~ipad.png */; };
		1EB9E0E617EE612200891665 /* InfoViewController.m in Sources */ = {isa = PBXBuildFile; fileRef = 1EB9E0E517EE612200891665 /* InfoViewController.m */; };
		1EB9E0EC17EFA07C00891665 /* UIPieceImageView.m in Sources */ = {isa = PBXBuildFile; fileRef = 1EB9E0EB17EFA07C00891665 /* UIPieceImageView.m */; };
		1EB9E0EE17EFBB8200891665 /* largeButton.png in Resources */ = {isa = PBXBuildFile; fileRef = 1EB9E0ED17EFBB8200891665 /* largeButton.png */; };
/* End PBXBuildFile section */

/* Begin PBXFileReference section */
		1E0AF49817F4C39100A06AD2 /* grassBackground.png */ = {isa = PBXFileReference; lastKnownFileType = image.png; path = grassBackground.png; sourceTree = "<group>"; };
		1E0AF49917F4C39100A06AD2 /* woodBackground.png */ = {isa = PBXFileReference; lastKnownFileType = image.png; path = woodBackground.png; sourceTree = "<group>"; };
		1E0AF49C17F4D8F200A06AD2 /* grassButton.png */ = {isa = PBXFileReference; lastKnownFileType = image.png; path = grassButton.png; sourceTree = "<group>"; };
		1E0AF49E17F4DA1600A06AD2 /* woodButton.png */ = {isa = PBXFileReference; lastKnownFileType = image.png; path = woodButton.png; sourceTree = "<group>"; };
		1E1235C817EA6DBC00B26DFE /* JGSModel.h */ = {isa = PBXFileReference; fileEncoding = 4; lastKnownFileType = sourcecode.c.h; path = JGSModel.h; sourceTree = "<group>"; };
		1E1235C917EA6DBC00B26DFE /* JGSModel.m */ = {isa = PBXFileReference; fileEncoding = 4; lastKnownFileType = sourcecode.c.objc; path = JGSModel.m; sourceTree = "<group>"; };
		1E54EDC617DCB8E100451519 /* Pentominoes.app */ = {isa = PBXFileReference; explicitFileType = wrapper.application; includeInIndex = 0; path = Pentominoes.app; sourceTree = BUILT_PRODUCTS_DIR; };
		1E54EDC917DCB8E100451519 /* UIKit.framework */ = {isa = PBXFileReference; lastKnownFileType = wrapper.framework; name = UIKit.framework; path = System/Library/Frameworks/UIKit.framework; sourceTree = SDKROOT; };
		1E54EDCB17DCB8E100451519 /* Foundation.framework */ = {isa = PBXFileReference; lastKnownFileType = wrapper.framework; name = Foundation.framework; path = System/Library/Frameworks/Foundation.framework; sourceTree = SDKROOT; };
		1E54EDCD17DCB8E100451519 /* CoreGraphics.framework */ = {isa = PBXFileReference; lastKnownFileType = wrapper.framework; name = CoreGraphics.framework; path = System/Library/Frameworks/CoreGraphics.framework; sourceTree = SDKROOT; };
		1E54EDD117DCB8E100451519 /* Pentominoes-Info.plist */ = {isa = PBXFileReference; lastKnownFileType = text.plist.xml; path = "Pentominoes-Info.plist"; sourceTree = "<group>"; };
		1E54EDD317DCB8E100451519 /* en */ = {isa = PBXFileReference; lastKnownFileType = text.plist.strings; name = en; path = en.lproj/InfoPlist.strings; sourceTree = "<group>"; };
		1E54EDD517DCB8E100451519 /* main.m */ = {isa = PBXFileReference; lastKnownFileType = sourcecode.c.objc; path = main.m; sourceTree = "<group>"; };
		1E54EDD717DCB8E100451519 /* Pentominoes-Prefix.pch */ = {isa = PBXFileReference; lastKnownFileType = sourcecode.c.h; path = "Pentominoes-Prefix.pch"; sourceTree = "<group>"; };
		1E54EDD817DCB8E100451519 /* JGSAppDelegate.h */ = {isa = PBXFileReference; lastKnownFileType = sourcecode.c.h; path = JGSAppDelegate.h; sourceTree = "<group>"; };
		1E54EDD917DCB8E100451519 /* JGSAppDelegate.m */ = {isa = PBXFileReference; lastKnownFileType = sourcecode.c.objc; path = JGSAppDelegate.m; sourceTree = "<group>"; };
		1E54EDDB17DCB8E100451519 /* Default.png */ = {isa = PBXFileReference; lastKnownFileType = image.png; path = Default.png; sourceTree = "<group>"; };
		1E54EDDD17DCB8E100451519 /* Default@2x.png */ = {isa = PBXFileReference; lastKnownFileType = image.png; path = "Default@2x.png"; sourceTree = "<group>"; };
		1E54EDDF17DCB8E100451519 /* Default-568h@2x.png */ = {isa = PBXFileReference; lastKnownFileType = image.png; path = "Default-568h@2x.png"; sourceTree = "<group>"; };
		1E54EDE217DCB8E100451519 /* en */ = {isa = PBXFileReference; lastKnownFileType = file.storyboard; name = en; path = en.lproj/MainStoryboard.storyboard; sourceTree = "<group>"; };
		1E54EDE417DCB8E100451519 /* JGSViewController.h */ = {isa = PBXFileReference; lastKnownFileType = sourcecode.c.h; path = JGSViewController.h; sourceTree = "<group>"; };
		1E54EDE517DCB8E100451519 /* JGSViewController.m */ = {isa = PBXFileReference; lastKnownFileType = sourcecode.c.objc; path = JGSViewController.m; sourceTree = "<group>"; };
		1E54EDED17DCBA4D00451519 /* Board0.png */ = {isa = PBXFileReference; lastKnownFileType = image.png; path = Board0.png; sourceTree = "<group>"; };
		1E54EDEE17DCBA4D00451519 /* Board0button.png */ = {isa = PBXFileReference; lastKnownFileType = image.png; path = Board0button.png; sourceTree = "<group>"; };
		1E54EDEF17DCBA4D00451519 /* Board1.png */ = {isa = PBXFileReference; lastKnownFileType = image.png; path = Board1.png; sourceTree = "<group>"; };
		1E54EDF017DCBA4D00451519 /* Board1button.png */ = {isa = PBXFileReference; lastKnownFileType = image.png; path = Board1button.png; sourceTree = "<group>"; };
		1E54EDF117DCBA4D00451519 /* Board2.png */ = {isa = PBXFileReference; lastKnownFileType = image.png; path = Board2.png; sourceTree = "<group>"; };
		1E54EDF217DCBA4D00451519 /* Board2button.png */ = {isa = PBXFileReference; lastKnownFileType = image.png; path = Board2button.png; sourceTree = "<group>"; };
		1E54EDF317DCBA4D00451519 /* Board3.png */ = {isa = PBXFileReference; lastKnownFileType = image.png; path = Board3.png; sourceTree = "<group>"; };
		1E54EDF417DCBA4D00451519 /* Board3button.png */ = {isa = PBXFileReference; lastKnownFileType = image.png; path = Board3button.png; sourceTree = "<group>"; };
		1E54EDF517DCBA4D00451519 /* Board4.png */ = {isa = PBXFileReference; lastKnownFileType = image.png; path = Board4.png; sourceTree = "<group>"; };
		1E54EDF617DCBA4D00451519 /* Board4button.png */ = {isa = PBXFileReference; lastKnownFileType = image.png; path = Board4button.png; sourceTree = "<group>"; };
		1E54EDF717DCBA4D00451519 /* Board5.png */ = {isa = PBXFileReference; lastKnownFileType = image.png; path = Board5.png; sourceTree = "<group>"; };
		1E54EDF817DCBA4D00451519 /* Board5button.png */ = {isa = PBXFileReference; lastKnownFileType = image.png; path = Board5button.png; sourceTree = "<group>"; };
		1E54EDF917DCBA4D00451519 /* Solutions.plist */ = {isa = PBXFileReference; fileEncoding = 4; lastKnownFileType = text.plist.xml; path = Solutions.plist; sourceTree = "<group>"; };
		1E54EDFA17DCBA4D00451519 /* tileF.png */ = {isa = PBXFileReference; lastKnownFileType = image.png; path = tileF.png; sourceTree = "<group>"; };
		1E54EDFB17DCBA4D00451519 /* tileI.png */ = {isa = PBXFileReference; lastKnownFileType = image.png; path = tileI.png; sourceTree = "<group>"; };
		1E54EDFC17DCBA4D00451519 /* tileL.png */ = {isa = PBXFileReference; lastKnownFileType = image.png; path = tileL.png; sourceTree = "<group>"; };
		1E54EDFD17DCBA4D00451519 /* tileN.png */ = {isa = PBXFileReference; lastKnownFileType = image.png; path = tileN.png; sourceTree = "<group>"; };
		1E54EDFE17DCBA4D00451519 /* tileP.png */ = {isa = PBXFileReference; lastKnownFileType = image.png; path = tileP.png; sourceTree = "<group>"; };
		1E54EDFF17DCBA4D00451519 /* tileT.png */ = {isa = PBXFileReference; lastKnownFileType = image.png; path = tileT.png; sourceTree = "<group>"; };
		1E54EE0017DCBA4D00451519 /* tileU.png */ = {isa = PBXFileReference; lastKnownFileType = image.png; path = tileU.png; sourceTree = "<group>"; };
		1E54EE0117DCBA4D00451519 /* tileV.png */ = {isa = PBXFileReference; lastKnownFileType = image.png; path = tileV.png; sourceTree = "<group>"; };
		1E54EE0217DCBA4D00451519 /* tileW.png */ = {isa = PBXFileReference; lastKnownFileType = image.png; path = tileW.png; sourceTree = "<group>"; };
		1E54EE0317DCBA4D00451519 /* tileX.png */ = {isa = PBXFileReference; lastKnownFileType = image.png; path = tileX.png; sourceTree = "<group>"; };
		1E54EE0417DCBA4D00451519 /* tileY.png */ = {isa = PBXFileReference; lastKnownFileType = image.png; path = tileY.png; sourceTree = "<group>"; };
		1E54EE0517DCBA4D00451519 /* tileZ.png */ = {isa = PBXFileReference; lastKnownFileType = image.png; path = tileZ.png; sourceTree = "<group>"; };
		1E54EE2317E2A78800451519 /* resetButton.png */ = {isa = PBXFileReference; lastKnownFileType = image.png; path = resetButton.png; sourceTree = "<group>"; };
		1E54EE2417E2A78900451519 /* solveButton.png */ = {isa = PBXFileReference; lastKnownFileType = image.png; path = solveButton.png; sourceTree = "<group>"; };
		1E54EE2717E2A90E00451519 /* icon.png */ = {isa = PBXFileReference; lastKnownFileType = image.png; path = icon.png; sourceTree = "<group>"; };
		1E54EE2817E2A90F00451519 /* icon@2x.png */ = {isa = PBXFileReference; lastKnownFileType = image.png; path = "icon@2x.png"; sourceTree = "<group>"; };
		1E54EE2B17E2A91B00451519 /* icon@2x.png */ = {isa = PBXFileReference; lastKnownFileType = image.png; path = "icon@2x.png"; sourceTree = "<group>"; };
		1E54EE2D17E2A92200451519 /* icon.png */ = {isa = PBXFileReference; lastKnownFileType = image.png; path = icon.png; sourceTree = "<group>"; };
		1E54EE2F17E2AC3300451519 /* launch.png */ = {isa = PBXFileReference; lastKnownFileType = image.png; path = launch.png; sourceTree = "<group>"; };
		1E54EE3017E2AC3300451519 /* launch@2x.png */ = {isa = PBXFileReference; lastKnownFileType = image.png; path = "launch@2x.png"; sourceTree = "<group>"; };
		1E54EE3317E2AC3900451519 /* Default-Portrait@2x~ipad.png */ = {isa = PBXFileReference; lastKnownFileType = image.png; path = "Default-Portrait@2x~ipad.png"; sourceTree = "<group>"; };
		1E54EE3517E2AC3F00451519 /* Default-Portrait~ipad.png */ = {isa = PBXFileReference; lastKnownFileType = image.png; path = "Default-Portrait~ipad.png"; sourceTree = "<group>"; };
		1EB9E0E417EE612200891665 /* InfoViewController.h */ = {isa = PBXFileReference; fileEncoding = 4; lastKnownFileType = sourcecode.c.h; path = InfoViewController.h; sourceTree = "<group>"; };
		1EB9E0E517EE612200891665 /* InfoViewController.m */ = {isa = PBXFileReference; fileEncoding = 4; lastKnownFileType = sourcecode.c.objc; path = InfoViewController.m; sourceTree = "<group>"; };
		1EB9E0EA17EFA07C00891665 /* UIPieceImageView.h */ = {isa = PBXFileReference; fileEncoding = 4; lastKnownFileType = sourcecode.c.h; path = UIPieceImageView.h; sourceTree = "<group>"; };
		1EB9E0EB17EFA07C00891665 /* UIPieceImageView.m */ = {isa = PBXFileReference; fileEncoding = 4; lastKnownFileType = sourcecode.c.objc; path = UIPieceImageView.m; sourceTree = "<group>"; };
		1EB9E0ED17EFBB8200891665 /* largeButton.png */ = {isa = PBXFileReference; lastKnownFileType = image.png; path = largeButton.png; sourceTree = "<group>"; };
/* End PBXFileReference section */

/* Begin PBXFrameworksBuildPhase section */
		1E54EDC317DCB8E100451519 /* Frameworks */ = {
			isa = PBXFrameworksBuildPhase;
			buildActionMask = 2147483647;
			files = (
				1E54EDCA17DCB8E100451519 /* UIKit.framework in Frameworks */,
				1E54EDCC17DCB8E100451519 /* Foundation.framework in Frameworks */,
				1E54EDCE17DCB8E100451519 /* CoreGraphics.framework in Frameworks */,
			);
			runOnlyForDeploymentPostprocessing = 0;
		};
/* End PBXFrameworksBuildPhase section */

/* Begin PBXGroup section */
		1E54EDBD17DCB8E100451519 = {
			isa = PBXGroup;
			children = (
				1E54EE3517E2AC3F00451519 /* Default-Portrait~ipad.png */,
				1E54EE3317E2AC3900451519 /* Default-Portrait@2x~ipad.png */,
				1E54EE2D17E2A92200451519 /* icon.png */,
				1E54EE2B17E2A91B00451519 /* icon@2x.png */,
				1E54EDCF17DCB8E100451519 /* Pentominoes */,
				1E54EDC817DCB8E100451519 /* Frameworks */,
			);
			sourceTree = "<group>";
		};
		1E54EDC717DCB8E100451519 /* Products */ = {
			isa = PBXGroup;
			children = (
				1E54EDC617DCB8E100451519 /* Pentominoes.app */,
			);
			name = Products;
			path = ..;
			sourceTree = "<group>";
		};
		1E54EDC817DCB8E100451519 /* Frameworks */ = {
			isa = PBXGroup;
			children = (
				1E54EDC917DCB8E100451519 /* UIKit.framework */,
				1E54EDCB17DCB8E100451519 /* Foundation.framework */,
				1E54EDCD17DCB8E100451519 /* CoreGraphics.framework */,
			);
			name = Frameworks;
			sourceTree = "<group>";
		};
		1E54EDCF17DCB8E100451519 /* Pentominoes */ = {
			isa = PBXGroup;
			children = (
				1E54EDEC17DCBA4D00451519 /* Assets */,
				1E54EDD817DCB8E100451519 /* JGSAppDelegate.h */,
				1E54EDD917DCB8E100451519 /* JGSAppDelegate.m */,
				1E54EDE117DCB8E100451519 /* MainStoryboard.storyboard */,
				1E54EDE417DCB8E100451519 /* JGSViewController.h */,
				1E54EDE517DCB8E100451519 /* JGSViewController.m */,
				1E1235C817EA6DBC00B26DFE /* JGSModel.h */,
				1E1235C917EA6DBC00B26DFE /* JGSModel.m */,
				1EB9E0E417EE612200891665 /* InfoViewController.h */,
				1EB9E0E517EE612200891665 /* InfoViewController.m */,
				1EB9E0EA17EFA07C00891665 /* UIPieceImageView.h */,
				1EB9E0EB17EFA07C00891665 /* UIPieceImageView.m */,
				1E54EDD017DCB8E100451519 /* Supporting Files */,
				1E54EDC717DCB8E100451519 /* Products */,
			);
			path = Pentominoes;
			sourceTree = "<group>";
		};
		1E54EDD017DCB8E100451519 /* Supporting Files */ = {
			isa = PBXGroup;
			children = (
				1E54EDD117DCB8E100451519 /* Pentominoes-Info.plist */,
				1E54EDD217DCB8E100451519 /* InfoPlist.strings */,
				1E54EDD517DCB8E100451519 /* main.m */,
				1E54EDD717DCB8E100451519 /* Pentominoes-Prefix.pch */,
				1E54EDDB17DCB8E100451519 /* Default.png */,
				1E54EDDD17DCB8E100451519 /* Default@2x.png */,
				1E54EDDF17DCB8E100451519 /* Default-568h@2x.png */,
			);
			name = "Supporting Files";
			sourceTree = "<group>";
		};
		1E54EDEC17DCBA4D00451519 /* Assets */ = {
			isa = PBXGroup;
			children = (
				1E0AF49E17F4DA1600A06AD2 /* woodButton.png */,
				1E0AF49C17F4D8F200A06AD2 /* grassButton.png */,
				1E0AF49817F4C39100A06AD2 /* grassBackground.png */,
				1E0AF49917F4C39100A06AD2 /* woodBackground.png */,
				1EB9E0ED17EFBB8200891665 /* largeButton.png */,
				1E54EE2F17E2AC3300451519 /* launch.png */,
				1E54EE3017E2AC3300451519 /* launch@2x.png */,
				1E54EE2717E2A90E00451519 /* icon.png */,
				1E54EE2817E2A90F00451519 /* icon@2x.png */,
				1E54EE2317E2A78800451519 /* resetButton.png */,
				1E54EE2417E2A78900451519 /* solveButton.png */,
				1E54EDED17DCBA4D00451519 /* Board0.png */,
				1E54EDEE17DCBA4D00451519 /* Board0button.png */,
				1E54EDEF17DCBA4D00451519 /* Board1.png */,
				1E54EDF017DCBA4D00451519 /* Board1button.png */,
				1E54EDF117DCBA4D00451519 /* Board2.png */,
				1E54EDF217DCBA4D00451519 /* Board2button.png */,
				1E54EDF317DCBA4D00451519 /* Board3.png */,
				1E54EDF417DCBA4D00451519 /* Board3button.png */,
				1E54EDF517DCBA4D00451519 /* Board4.png */,
				1E54EDF617DCBA4D00451519 /* Board4button.png */,
				1E54EDF717DCBA4D00451519 /* Board5.png */,
				1E54EDF817DCBA4D00451519 /* Board5button.png */,
				1E54EDF917DCBA4D00451519 /* Solutions.plist */,
				1E54EDFA17DCBA4D00451519 /* tileF.png */,
				1E54EDFB17DCBA4D00451519 /* tileI.png */,
				1E54EDFC17DCBA4D00451519 /* tileL.png */,
				1E54EDFD17DCBA4D00451519 /* tileN.png */,
				1E54EDFE17DCBA4D00451519 /* tileP.png */,
				1E54EDFF17DCBA4D00451519 /* tileT.png */,
				1E54EE0017DCBA4D00451519 /* tileU.png */,
				1E54EE0117DCBA4D00451519 /* tileV.png */,
				1E54EE0217DCBA4D00451519 /* tileW.png */,
				1E54EE0317DCBA4D00451519 /* tileX.png */,
				1E54EE0417DCBA4D00451519 /* tileY.png */,
				1E54EE0517DCBA4D00451519 /* tileZ.png */,
			);
			path = Assets;
			sourceTree = "<group>";
		};
/* End PBXGroup section */

/* Begin PBXNativeTarget section */
		1E54EDC517DCB8E100451519 /* Pentominoes */ = {
			isa = PBXNativeTarget;
			buildConfigurationList = 1E54EDE917DCB8E100451519 /* Build configuration list for PBXNativeTarget "Pentominoes" */;
			buildPhases = (
				1E54EDC217DCB8E100451519 /* Sources */,
				1E54EDC317DCB8E100451519 /* Frameworks */,
				1E54EDC417DCB8E100451519 /* Resources */,
			);
			buildRules = (
			);
			dependencies = (
			);
			name = Pentominoes;
			productName = Pentominoes;
			productReference = 1E54EDC617DCB8E100451519 /* Pentominoes.app */;
			productType = "com.apple.product-type.application";
		};
/* End PBXNativeTarget section */

/* Begin PBXProject section */
		1E54EDBE17DCB8E100451519 /* Project object */ = {
			isa = PBXProject;
			attributes = {
				CLASSPREFIX = JGS;
				LastUpgradeCheck = 0460;
				ORGANIZATIONNAME = "Jessica Smith";
			};
			buildConfigurationList = 1E54EDC117DCB8E100451519 /* Build configuration list for PBXProject "Pentominoes" */;
			compatibilityVersion = "Xcode 3.2";
			developmentRegion = English;
			hasScannedForEncodings = 0;
			knownRegions = (
				en,
			);
			mainGroup = 1E54EDBD17DCB8E100451519;
			productRefGroup = 1E54EDC717DCB8E100451519 /* Products */;
			projectDirPath = "";
			projectRoot = "";
			targets = (
				1E54EDC517DCB8E100451519 /* Pentominoes */,
			);
		};
/* End PBXProject section */

/* Begin PBXResourcesBuildPhase section */
		1E54EDC417DCB8E100451519 /* Resources */ = {
			isa = PBXResourcesBuildPhase;
			buildActionMask = 2147483647;
			files = (
				1E54EDD417DCB8E100451519 /* InfoPlist.strings in Resources */,
				1E54EDDC17DCB8E100451519 /* Default.png in Resources */,
				1E54EDDE17DCB8E100451519 /* Default@2x.png in Resources */,
				1E54EDE017DCB8E100451519 /* Default-568h@2x.png in Resources */,
				1E54EDE317DCB8E100451519 /* MainStoryboard.storyboard in Resources */,
				1E54EE0617DCBA4D00451519 /* Board0.png in Resources */,
				1E54EE0717DCBA4D00451519 /* Board0button.png in Resources */,
				1E54EE0817DCBA4D00451519 /* Board1.png in Resources */,
				1E54EE0917DCBA4D00451519 /* Board1button.png in Resources */,
				1E54EE0A17DCBA4D00451519 /* Board2.png in Resources */,
				1E54EE0B17DCBA4D00451519 /* Board2button.png in Resources */,
				1E54EE0C17DCBA4D00451519 /* Board3.png in Resources */,
				1E54EE0D17DCBA4D00451519 /* Board3button.png in Resources */,
				1E54EE0E17DCBA4D00451519 /* Board4.png in Resources */,
				1E54EE0F17DCBA4D00451519 /* Board4button.png in Resources */,
				1E54EE1017DCBA4D00451519 /* Board5.png in Resources */,
				1E54EE1117DCBA4D00451519 /* Board5button.png in Resources */,
				1E54EE1217DCBA4D00451519 /* Solutions.plist in Resources */,
				1E54EE1317DCBA4D00451519 /* tileF.png in Resources */,
				1E54EE1417DCBA4D00451519 /* tileI.png in Resources */,
				1E54EE1517DCBA4D00451519 /* tileL.png in Resources */,
				1E54EE1617DCBA4D00451519 /* tileN.png in Resources */,
				1E54EE1717DCBA4D00451519 /* tileP.png in Resources */,
				1E54EE1817DCBA4D00451519 /* tileT.png in Resources */,
				1E54EE1917DCBA4D00451519 /* tileU.png in Resources */,
				1E54EE1A17DCBA4D00451519 /* tileV.png in Resources */,
				1E54EE1B17DCBA4D00451519 /* tileW.png in Resources */,
				1E54EE1C17DCBA4D00451519 /* tileX.png in Resources */,
				1E54EE1D17DCBA4D00451519 /* tileY.png in Resources */,
				1E54EE1E17DCBA4D00451519 /* tileZ.png in Resources */,
				1E54EE2517E2A78A00451519 /* resetButton.png in Resources */,
				1E54EE2617E2A78A00451519 /* solveButton.png in Resources */,
				1E54EE2917E2A90F00451519 /* icon.png in Resources */,
				1E54EE2A17E2A90F00451519 /* icon@2x.png in Resources */,
				1E54EE3117E2AC3400451519 /* launch.png in Resources */,
				1E54EE3217E2AC3400451519 /* launch@2x.png in Resources */,
				1E54EE3417E2AC3900451519 /* Default-Portrait@2x~ipad.png in Resources */,
				1E54EE3617E2AC3F00451519 /* Default-Portrait~ipad.png in Resources */,
				1EB9E0EE17EFBB8200891665 /* largeButton.png in Resources */,
				1E0AF49A17F4C39100A06AD2 /* grassBackground.png in Resources */,
				1E0AF49B17F4C39100A06AD2 /* woodBackground.png in Resources */,
				1E0AF49D17F4D8F200A06AD2 /* grassButton.png in Resources */,
				1E0AF49F17F4DA1600A06AD2 /* woodButton.png in Resources */,
			);
			runOnlyForDeploymentPostprocessing = 0;
		};
/* End PBXResourcesBuildPhase section */

/* Begin PBXSourcesBuildPhase section */
		1E54EDC217DCB8E100451519 /* Sources */ = {
			isa = PBXSourcesBuildPhase;
			buildActionMask = 2147483647;
			files = (
				1E54EDD617DCB8E100451519 /* main.m in Sources */,
				1E54EDDA17DCB8E100451519 /* JGSAppDelegate.m in Sources */,
				1E54EDE617DCB8E100451519 /* JGSViewController.m in Sources */,
				1E1235CA17EA6DBC00B26DFE /* JGSModel.m in Sources */,
				1EB9E0E617EE612200891665 /* InfoViewController.m in Sources */,
				1EB9E0EC17EFA07C00891665 /* UIPieceImageView.m in Sources */,
			);
			runOnlyForDeploymentPostprocessing = 0;
		};
/* End PBXSourcesBuildPhase section */

/* Begin PBXVariantGroup section */
		1E54EDD217DCB8E100451519 /* InfoPlist.strings */ = {
			isa = PBXVariantGroup;
			children = (
				1E54EDD317DCB8E100451519 /* en */,
			);
			name = InfoPlist.strings;
			sourceTree = "<group>";
		};
		1E54EDE117DCB8E100451519 /* MainStoryboard.storyboard */ = {
			isa = PBXVariantGroup;
			children = (
				1E54EDE217DCB8E100451519 /* en */,
			);
			name = MainStoryboard.storyboard;
			sourceTree = "<group>";
		};
/* End PBXVariantGroup section */

/* Begin XCBuildConfiguration section */
		1E54EDE717DCB8E100451519 /* Debug */ = {
			isa = XCBuildConfiguration;
			buildSettings = {
				ALWAYS_SEARCH_USER_PATHS = NO;
				CLANG_CXX_LANGUAGE_STANDARD = "gnu++0x";
				CLANG_CXX_LIBRARY = "libc++";
				CLANG_ENABLE_OBJC_ARC = YES;
				CLANG_WARN_CONSTANT_CONVERSION = YES;
				CLANG_WARN_EMPTY_BODY = YES;
				CLANG_WARN_ENUM_CONVERSION = YES;
				CLANG_WARN_INT_CONVERSION = YES;
				CLANG_WARN__DUPLICATE_METHOD_MATCH = YES;
				"CODE_SIGN_IDENTITY[sdk=iphoneos*]" = "iPhone Developer";
				COPY_PHASE_STRIP = NO;
				GCC_C_LANGUAGE_STANDARD = gnu99;
				GCC_DYNAMIC_NO_PIC = NO;
				GCC_OPTIMIZATION_LEVEL = 0;
				GCC_PREPROCESSOR_DEFINITIONS = (
					"DEBUG=1",
					"$(inherited)",
				);
				GCC_SYMBOLS_PRIVATE_EXTERN = NO;
				GCC_WARN_ABOUT_RETURN_TYPE = YES;
				GCC_WARN_UNINITIALIZED_AUTOS = YES;
				GCC_WARN_UNUSED_VARIABLE = YES;
				IPHONEOS_DEPLOYMENT_TARGET = 6.1;
				ONLY_ACTIVE_ARCH = YES;
				SDKROOT = iphoneos;
				TARGETED_DEVICE_FAMILY = 2;
			};
			name = Debug;
		};
		1E54EDE817DCB8E100451519 /* Release */ = {
			isa = XCBuildConfiguration;
			buildSettings = {
				ALWAYS_SEARCH_USER_PATHS = NO;
				CLANG_CXX_LANGUAGE_STANDARD = "gnu++0x";
				CLANG_CXX_LIBRARY = "libc++";
				CLANG_ENABLE_OBJC_ARC = YES;
				CLANG_WARN_CONSTANT_CONVERSION = YES;
				CLANG_WARN_EMPTY_BODY = YES;
				CLANG_WARN_ENUM_CONVERSION = YES;
				CLANG_WARN_INT_CONVERSION = YES;
				CLANG_WARN__DUPLICATE_METHOD_MATCH = YES;
				"CODE_SIGN_IDENTITY[sdk=iphoneos*]" = "iPhone Developer";
				COPY_PHASE_STRIP = YES;
				GCC_C_LANGUAGE_STANDARD = gnu99;
				GCC_WARN_ABOUT_RETURN_TYPE = YES;
				GCC_WARN_UNINITIALIZED_AUTOS = YES;
				GCC_WARN_UNUSED_VARIABLE = YES;
				IPHONEOS_DEPLOYMENT_TARGET = 6.1;
				OTHER_CFLAGS = "-DNS_BLOCK_ASSERTIONS=1";
				SDKROOT = iphoneos;
				TARGETED_DEVICE_FAMILY = 2;
				VALIDATE_PRODUCT = YES;
			};
			name = Release;
		};
		1E54EDEA17DCB8E100451519 /* Debug */ = {
			isa = XCBuildConfiguration;
			buildSettings = {
				CLANG_ENABLE_OBJC_ARC = NO;
				GCC_PRECOMPILE_PREFIX_HEADER = YES;
				GCC_PREFIX_HEADER = "Pentominoes/Pentominoes-Prefix.pch";
				INFOPLIST_FILE = "Pentominoes/Pentominoes-Info.plist";
				PRODUCT_NAME = "$(TARGET_NAME)";
				WRAPPER_EXTENSION = app;
			};
			name = Debug;
		};
		1E54EDEB17DCB8E100451519 /* Release */ = {
			isa = XCBuildConfiguration;
			buildSettings = {
				CLANG_ENABLE_OBJC_ARC = NO;
				GCC_PRECOMPILE_PREFIX_HEADER = YES;
				GCC_PREFIX_HEADER = "Pentominoes/Pentominoes-Prefix.pch";
				INFOPLIST_FILE = "Pentominoes/Pentominoes-Info.plist";
				PRODUCT_NAME = "$(TARGET_NAME)";
				WRAPPER_EXTENSION = app;
			};
			name = Release;
		};
/* End XCBuildConfiguration section */

/* Begin XCConfigurationList section */
		1E54EDC117DCB8E100451519 /* Build configuration list for PBXProject "Pentominoes" */ = {
			isa = XCConfigurationList;
			buildConfigurations = (
				1E54EDE717DCB8E100451519 /* Debug */,
				1E54EDE817DCB8E100451519 /* Release */,
			);
			defaultConfigurationIsVisible = 0;
			defaultConfigurationName = Release;
		};
		1E54EDE917DCB8E100451519 /* Build configuration list for PBXNativeTarget "Pentominoes" */ = {
			isa = XCConfigurationList;
			buildConfigurations = (
				1E54EDEA17DCB8E100451519 /* Debug */,
				1E54EDEB17DCB8E100451519 /* Release */,
			);
			defaultConfigurationIsVisible = 0;
			defaultConfigurationName = Release;
		};
/* End XCConfigurationList section */
	};
	rootObject = 1E54EDBE17DCB8E100451519 /* Project object */;
}
